{
  "nodes": {
    "caelestia-cli": {
      "inputs": {
        "caelestia-shell": [
          "caelestia-shell"
        ],
        "nixpkgs": [
          "caelestia-shell",
          "nixpkgs"
        ]
      },
      "locked": {
        "lastModified": 1789186140,
        "narHash": "sha256-CEKrGzjO7Zk+BC0bsIySyu7q0vdy68V5MMq8YNKPpsk=",
        "owner": "caelestia-dots",
        "repo": "cli",
        "rev": "6b84ee5090ec50f36aa1a53990d57ab0013925a0",
        "type": "github"
      },
      "original": {
        "owner": "caelestia-dots",
        "repo": "cli",
        "type": "github"
      }
    },
    "caelestia-shell": {
      "inputs": {
        "caelestia-cli": "caelestia-cli",
        "m3shapes": "m3shapes",
        "nixpkgs": [
          "nixpkgs"
        ],
        "quickshell": "quickshell"
      },
      "locked": {
        "lastModified": 1789380760,
        "narHash": "sha256-dZRMoiOfNQZGovRcJfjLmWh6WxEc01+8u78PdPTljEg=",
        "owner": "caelestia-dots",
        "repo": "shell",
        "rev": "b69c3a8d9e5251139bfc93a7733c01026858d30e",
        "type": "github"
      },
      "original": {
        "owner": "caelestia-dots",
        "repo": "shell",
        "type": "github"
      }
    },
    "helium": {
      "inputs": {
        "nixpkgs": [
          "nixpkgs"
        ]
      },
      "locked": {
        "lastModified": 1789214328,
        "narHash": "sha256-ldHrGfwWiL8DwnP07DsqgGpppIPdXg/rF/FjDEXMNvI=",
        "owner": "oxcl",
        "repo": "nix-flake-helium-browser",
        "rev": "7d7117d1154f9837913ae6216a25ebed96536478",
        "type": "github"
      },
      "original": {
        "owner": "oxcl",
        "repo": "nix-flake-helium-browser",
        "type": "github"
      }
    },
    "home-manager": {
      "inputs": {
        "nixpkgs": [
          "nixpkgs"
        ]
      },
      "locked": {
        "lastModified": 1789352311,
        "narHash": "sha256-E9hlcRNSRQ1vb+UicOusX/ucroGlBAz/pYhCBorLOn4=",
        "owner": "nix-community",
        "repo": "home-manager",
        "rev": "cfcda3f99334c8459fa4cd46cce87502e0b48f0a",
        "type": "github"
      },
      "original": {
        "owner": "nix-community",
        "repo": "home-manager",
        "type": "github"
      }
    },
    "m3shapes": {
      "inputs": {
        "nixpkgs": [
          "caelestia-shell",
          "nixpkgs"
        ]
      },
      "locked": {
        "lastModified": 1787906858,
        "narHash": "sha256-YZelgEZflFNwGutX4/tIzBdbOeghJgE2oDw0uWYGxns=",
        "owner": "soramanew",
        "repo": "m3shapes",
        "rev": "32ad9ce328bb77ed349b40a3be10ee9ea610b8ab",
        "type": "github"
      },
      "original": {
        "owner": "soramanew",
        "repo": "m3shapes",
        "rev": "32ad9ce328bb77ed349b40a3be10ee9ea610b8ab",
        "type": "github"
      }
    },
    "nixpkgs": {
      "locked": {
        "lastModified": 1789286504,
        "narHash": "sha256-eiEK7cKZORNEvX0GeF3RtNEF/JXhgf2RqSp3230q13E=",
        "owner": "NixOS",
        "repo": "nixpkgs",
        "rev": "ef34387ddd751e1ab8857adf4676492d32eb24ec",
        "type": "github"
      },
      "original": {
        "owner": "NixOS",
        "ref": "nixos-unstable",
        "repo": "nixpkgs",
        "type": "github"
      }
    },
    "quickshell": {
      "inputs": {
        "nixpkgs": [
          "caelestia-shell",
          "nixpkgs"
        ]
      },
      "locked": {
        "lastModified": 1787994703,
        "narHash": "sha256-6SUZyyALo19heYPa/Xmu2H4zV+wvdfVX4fTcqbgHRnI=",
        "ref": "refs/heads/master",
        "rev": "2d3b3e9c70ef380dff751b61d334dc88df016c29",
        "revCount": 856,
        "type": "git",
        "url": "https://git.outfoxxed.me/outfoxxed/quickshell"
      },
      "original": {
        "type": "git",
        "url": "https://git.outfoxxed.me/outfoxxed/quickshell"
      }
    },
    "root": {
      "inputs": {
        "caelestia-shell": "caelestia-shell",
        "helium": "helium",
        "home-manager": "home-manager",
        "nixpkgs": "nixpkgs",
        "spicetify-nix": "spicetify-nix"
      }
    },
    "spicetify-nix": {
      "inputs": {
        "nixpkgs": [
          "nixpkgs"
        ],
        "systems": "systems"
      },
      "locked": {
        "lastModified": 1789291406,
        "narHash": "sha256-lfZ7yAaTZMuAzOSLjJ7ivrKIFk0E11koWTVgkWSXwuE=",
        "owner": "Gerg-L",
        "repo": "spicetify-nix",
        "rev": "09eed5c95105aada9ffabd4c7eb6b345dc4ba66f",
        "type": "github"
      },
      "original": {
        "owner": "Gerg-L",
        "repo": "spicetify-nix",
        "type": "github"
      }
    },
    "systems": {
      "locked": {
        "lastModified": 1681028828,
        "narHash": "sha256-Vy1rq5AaRuLzOxct8nz4T6wlgyUR7zLU309k9mBC768=",
        "owner": "nix-systems",
        "repo": "default",
        "rev": "da67096a3b9bf56a91d16901293e51ba5b49a27e",
        "type": "github"
      },
      "original": {
        "owner": "nix-systems",
        "repo": "default",
        "type": "github"
      }
    }
  },
  "root": "root",
  "version": 7
}
